PODS:
  - Alamofire (4.9.0)
  - ForecastIO (8.0.0)
  - JSQMessagesViewController (7.3.5):
    - JSQSystemSoundPlayer (~> 2.0.1)
  - JSQSystemSoundPlayer (2.0.1)
  - ObjectMapper (3.5.1)
  - RecastAI (3.5.0):
    - Alamofire
    - ObjectMapper

DEPENDENCIES:
  - ForecastIO
  - JSQMessagesViewController
  - RecastAI

SPEC REPOS:
  trunk:
    - Alamofire
    - ForecastIO
    - JSQMessagesViewController
    - JSQSystemSoundPlayer
    - ObjectMapper
    - RecastAI

SPEC CHECKSUMS:
  Alamofire: afc3e7c6db61476cb45cdd23fed06bad03bbc321
  ForecastIO: 68f8231be20748446036263a438cc449886a65ca
  JSQMessagesViewController: 6587f56aedbcb150a8ba1d968e1ef58b1bc758b7
  JSQSystemSoundPlayer: c5850e77a4363ffd374cd851154b9af93264ed8d
  ObjectMapper: 70187b8941977c62ccfb423caf6b50be405cabf0
  RecastAI: d9abaf97f914a07cc10ee0cb8be89bfe2b942280

PODFILE CHECKSUM: 062366894a34324247487a81b234d9b76c315458

COCOAPODS: 1.8.1
