// !$*UTF8*$!
{
	archiveVersion = 1;
	classes = {
	};
	objectVersion = 51;
	objects = {

/* Begin PBXBuildFile section */
		10E029C6234BC23D0056EB10 /* AppDelegate.swift in Sources */ = {isa = PBXBuildFile; fileRef = 10E029C5234BC23D0056EB10 /* AppDelegate.swift */; };
		10E029C8234BC23D0056EB10 /* ViewController.swift in Sources */ = {isa = PBXBuildFile; fileRef = 10E029C7234BC23D0056EB10 /* ViewController.swift */; };
		10E029CB234BC23D0056EB10 /* Main.storyboard in Resources */ = {isa = PBXBuildFile; fileRef = 10E029C9234BC23D0056EB10 /* Main.storyboard */; };
		10E029CD234BC2460056EB10 /* Assets.xcassets in Resources */ = {isa = PBXBuildFile; fileRef = 10E029CC234BC2460056EB10 /* Assets.xcassets */; };
		10E029D0234BC2460056EB10 /* LaunchScreen.storyboard in Resources */ = {isa = PBXBuildFile; fileRef = 10E029CE234BC2460056EB10 /* LaunchScreen.storyboard */; };
		215649195097DE0B3926AFEB /* Pods_Siri.framework in Frameworks */ = {isa = PBXBuildFile; fileRef = 63E1CB70FF9283DD974189B6 /* Pods_Siri.framework */; };
		820BC366234CD19800F507C7 /* ChatViewController.swift in Sources */ = {isa = PBXBuildFile; fileRef = 820BC365234CD19800F507C7 /* ChatViewController.swift */; };
/* End PBXBuildFile section */

/* Begin PBXFileReference section */
		10E029C2234BC23D0056EB10 /* Siri.app */ = {isa = PBXFileReference; explicitFileType = wrapper.application; includeInIndex = 0; path = Siri.app; sourceTree = BUILT_PRODUCTS_DIR; };
		10E029C5234BC23D0056EB10 /* AppDelegate.swift */ = {isa = PBXFileReference; lastKnownFileType = sourcecode.swift; path = AppDelegate.swift; sourceTree = "<group>"; };
		10E029C7234BC23D0056EB10 /* ViewController.swift */ = {isa = PBXFileReference; lastKnownFileType = sourcecode.swift; path = ViewController.swift; sourceTree = "<group>"; };
		10E029CA234BC23D0056EB10 /* Base */ = {isa = PBXFileReference; lastKnownFileType = file.storyboard; name = Base; path = Base.lproj/Main.storyboard; sourceTree = "<group>"; };
		10E029CC234BC2460056EB10 /* Assets.xcassets */ = {isa = PBXFileReference; lastKnownFileType = folder.assetcatalog; path = Assets.xcassets; sourceTree = "<group>"; };
		10E029CF234BC2460056EB10 /* Base */ = {isa = PBXFileReference; lastKnownFileType = file.storyboard; name = Base; path = Base.lproj/LaunchScreen.storyboard; sourceTree = "<group>"; };
		10E029D1234BC2460056EB10 /* Info.plist */ = {isa = PBXFileReference; lastKnownFileType = text.plist.xml; path = Info.plist; sourceTree = "<group>"; };
		63E1CB70FF9283DD974189B6 /* Pods_Siri.framework */ = {isa = PBXFileReference; explicitFileType = wrapper.framework; includeInIndex = 0; path = Pods_Siri.framework; sourceTree = BUILT_PRODUCTS_DIR; };
		820BC365234CD19800F507C7 /* ChatViewController.swift */ = {isa = PBXFileReference; lastKnownFileType = sourcecode.swift; path = ChatViewController.swift; sourceTree = "<group>"; };
		969566D85D20068B7DCC66A1 /* Pods-Siri.debug.xcconfig */ = {isa = PBXFileReference; includeInIndex = 1; lastKnownFileType = text.xcconfig; name = "Pods-Siri.debug.xcconfig"; path = "Target Support Files/Pods-Siri/Pods-Siri.debug.xcconfig"; sourceTree = "<group>"; };
		CFB26BECC262F7FA697C1FF4 /* Pods-Siri.release.xcconfig */ = {isa = PBXFileReference; includeInIndex = 1; lastKnownFileType = text.xcconfig; name = "Pods-Siri.release.xcconfig"; path = "Target Support Files/Pods-Siri/Pods-Siri.release.xcconfig"; sourceTree = "<group>"; };
/* End PBXFileReference section */

/* Begin PBXFrameworksBuildPhase section */
		10E029BF234BC23D0056EB10 /* Frameworks */ = {
			isa = PBXFrameworksBuildPhase;
			buildActionMask = 2147483647;
			files = (
				215649195097DE0B3926AFEB /* Pods_Siri.framework in Frameworks */,
			);
			runOnlyForDeploymentPostprocessing = 0;
		};
/* End PBXFrameworksBuildPhase section */

/* Begin PBXGroup section */
		10E029B9234BC23D0056EB10 = {
			isa = PBXGroup;
			children = (
				10E029C4234BC23D0056EB10 /* Siri */,
				10E029C3234BC23D0056EB10 /* Products */,
				7B7EA82868E52B80E8DFBDE2 /* Pods */,
				FB9993CF9DAA100A996E6167 /* Frameworks */,
			);
			sourceTree = "<group>";
		};
		10E029C3234BC23D0056EB10 /* Products */ = {
			isa = PBXGroup;
			children = (
				10E029C2234BC23D0056EB10 /* Siri.app */,
			);
			name = Products;
			sourceTree = "<group>";
		};
		10E029C4234BC23D0056EB10 /* Siri */ = {
			isa = PBXGroup;
			children = (
				10E029C5234BC23D0056EB10 /* AppDelegate.swift */,
				10E029C7234BC23D0056EB10 /* ViewController.swift */,
				10E029C9234BC23D0056EB10 /* Main.storyboard */,
				10E029CC234BC2460056EB10 /* Assets.xcassets */,
				10E029CE234BC2460056EB10 /* LaunchScreen.storyboard */,
				10E029D1234BC2460056EB10 /* Info.plist */,
				820BC365234CD19800F507C7 /* ChatViewController.swift */,
			);
			path = Siri;
			sourceTree = "<group>";
		};
		7B7EA82868E52B80E8DFBDE2 /* Pods */ = {
			isa = PBXGroup;
			children = (
				969566D85D20068B7DCC66A1 /* Pods-Siri.debug.xcconfig */,
				CFB26BECC262F7FA697C1FF4 /* Pods-Siri.release.xcconfig */,
			);
			path = Pods;
			sourceTree = "<group>";
		};
		FB9993CF9DAA100A996E6167 /* Frameworks */ = {
			isa = PBXGroup;
			children = (
				63E1CB70FF9283DD974189B6 /* Pods_Siri.framework */,
			);
			name = Frameworks;
			sourceTree = "<group>";
		};
/* End PBXGroup section */

/* Begin PBXNativeTarget section */
		10E029C1234BC23D0056EB10 /* Siri */ = {
			isa = PBXNativeTarget;
			buildConfigurationList = 10E029D4234BC2460056EB10 /* Build configuration list for PBXNativeTarget "Siri" */;
			buildPhases = (
				BD24C8A52656A23C373C90D5 /* [CP] Check Pods Manifest.lock */,
				10E029BE234BC23D0056EB10 /* Sources */,
				10E029BF234BC23D0056EB10 /* Frameworks */,
				10E029C0234BC23D0056EB10 /* Resources */,
				C30B213D27CE2DDD790D1EAE /* [CP] Embed Pods Frameworks */,
			);
			buildRules = (
			);
			dependencies = (
			);
			name = Siri;
			productName = Siri;
			productReference = 10E029C2234BC23D0056EB10 /* Siri.app */;
			productType = "com.apple.product-type.application";
		};
/* End PBXNativeTarget section */

/* Begin PBXProject section */
		10E029BA234BC23D0056EB10 /* Project object */ = {
			isa = PBXProject;
			attributes = {
				LastSwiftUpdateCheck = 1020;
				LastUpgradeCheck = 1020;
				ORGANIZATIONNAME = "Vladyslav FIL";
				TargetAttributes = {
					10E029C1234BC23D0056EB10 = {
						CreatedOnToolsVersion = 10.2.1;
					};
				};
			};
			buildConfigurationList = 10E029BD234BC23D0056EB10 /* Build configuration list for PBXProject "Siri" */;
			compatibilityVersion = "Xcode 9.3";
			developmentRegion = en;
			hasScannedForEncodings = 0;
			knownRegions = (
				en,
				Base,
			);
			mainGroup = 10E029B9234BC23D0056EB10;
			productRefGroup = 10E029C3234BC23D0056EB10 /* Products */;
			projectDirPath = "";
			projectRoot = "";
			targets = (
				10E029C1234BC23D0056EB10 /* Siri */,
			);
		};
/* End PBXProject section */

/* Begin PBXResourcesBuildPhase section */
		10E029C0234BC23D0056EB10 /* Resources */ = {
			isa = PBXResourcesBuildPhase;
			buildActionMask = 2147483647;
			files = (
				10E029D0234BC2460056EB10 /* LaunchScreen.storyboard in Resources */,
				10E029CD234BC2460056EB10 /* Assets.xcassets in Resources */,
				10E029CB234BC23D0056EB10 /* Main.storyboard in Resources */,
			);
			runOnlyForDeploymentPostprocessing = 0;
		};
/* End PBXResourcesBuildPhase section */

/* Begin PBXShellScriptBuildPhase section */
		BD24C8A52656A23C373C90D5 /* [CP] Check Pods Manifest.lock */ = {
			isa = PBXShellScriptBuildPhase;
			buildActionMask = 2147483647;
			files = (
			);
			inputFileListPaths = (
			);
			inputPaths = (
				"${PODS_PODFILE_DIR_PATH}/Podfile.lock",
				"${PODS_ROOT}/Manifest.lock",
			);
			name = "[CP] Check Pods Manifest.lock";
			outputFileListPaths = (
			);
			outputPaths = (
				"$(DERIVED_FILE_DIR)/Pods-Siri-checkManifestLockResult.txt",
			);
			runOnlyForDeploymentPostprocessing = 0;
			shellPath = /bin/sh;
			shellScript = "diff \"${PODS_PODFILE_DIR_PATH}/Podfile.lock\" \"${PODS_ROOT}/Manifest.lock\" > /dev/null\nif [ $? != 0 ] ; then\n    # print error to STDERR\n    echo \"error: The sandbox is not in sync with the Podfile.lock. Run 'pod install' or update your CocoaPods installation.\" >&2\n    exit 1\nfi\n# This output is used by Xcode 'outputs' to avoid re-running this script phase.\necho \"SUCCESS\" > \"${SCRIPT_OUTPUT_FILE_0}\"\n";
			showEnvVarsInLog = 0;
		};
		C30B213D27CE2DDD790D1EAE /* [CP] Embed Pods Frameworks */ = {
			isa = PBXShellScriptBuildPhase;
			buildActionMask = 2147483647;
			files = (
			);
			inputFileListPaths = (
				"${PODS_ROOT}/Target Support Files/Pods-Siri/Pods-Siri-frameworks-${CONFIGURATION}-input-files.xcfilelist",
			);
			name = "[CP] Embed Pods Frameworks";
			outputFileListPaths = (
				"${PODS_ROOT}/Target Support Files/Pods-Siri/Pods-Siri-frameworks-${CONFIGURATION}-output-files.xcfilelist",
			);
			runOnlyForDeploymentPostprocessing = 0;
			shellPath = /bin/sh;
			shellScript = "\"${PODS_ROOT}/Target Support Files/Pods-Siri/Pods-Siri-frameworks.sh\"\n";
			showEnvVarsInLog = 0;
		};
/* End PBXShellScriptBuildPhase section */

/* Begin PBXSourcesBuildPhase section */
		10E029BE234BC23D0056EB10 /* Sources */ = {
			isa = PBXSourcesBuildPhase;
			buildActionMask = 2147483647;
			files = (
				10E029C8234BC23D0056EB10 /* ViewController.swift in Sources */,
				820BC366234CD19800F507C7 /* ChatViewController.swift in Sources */,
				10E029C6234BC23D0056EB10 /* AppDelegate.swift in Sources */,
			);
			runOnlyForDeploymentPostprocessing = 0;
		};
/* End PBXSourcesBuildPhase section */

/* Begin PBXVariantGroup section */
		10E029C9234BC23D0056EB10 /* Main.storyboard */ = {
			isa = PBXVariantGroup;
			children = (
				10E029CA234BC23D0056EB10 /* Base */,
			);
			name = Main.storyboard;
			sourceTree = "<group>";
		};
		10E029CE234BC2460056EB10 /* LaunchScreen.storyboard */ = {
			isa = PBXVariantGroup;
			children = (
				10E029CF234BC2460056EB10 /* Base */,
			);
			name = LaunchScreen.storyboard;
			sourceTree = "<group>";
		};
/* End PBXVariantGroup section */

/* Begin XCBuildConfiguration section */
		10E029D2234BC2460056EB10 /* Debug */ = {
			isa = XCBuildConfiguration;
			buildSettings = {
				ALWAYS_SEARCH_USER_PATHS = NO;
				CLANG_ANALYZER_NONNULL = YES;
				CLANG_ANALYZER_NUMBER_OBJECT_CONVERSION = YES_AGGRESSIVE;
				CLANG_CXX_LANGUAGE_STANDARD = "gnu++14";
				CLANG_CXX_LIBRARY = "libc++";
				CLANG_ENABLE_MODULES = YES;
				CLANG_ENABLE_OBJC_ARC = YES;
				CLANG_ENABLE_OBJC_WEAK = YES;
				CLANG_WARN_BLOCK_CAPTURE_AUTORELEASING = YES;
				CLANG_WARN_BOOL_CONVERSION = YES;
				CLANG_WARN_COMMA = YES;
				CLANG_WARN_CONSTANT_CONVERSION = YES;
				CLANG_WARN_DEPRECATED_OBJC_IMPLEMENTATIONS = YES;
				CLANG_WARN_DIRECT_OBJC_ISA_USAGE = YES_ERROR;
				CLANG_WARN_DOCUMENTATION_COMMENTS = YES;
				CLANG_WARN_EMPTY_BODY = YES;
				CLANG_WARN_ENUM_CONVERSION = YES;
				CLANG_WARN_INFINITE_RECURSION = YES;
				CLANG_WARN_INT_CONVERSION = YES;
				CLANG_WARN_NON_LITERAL_NULL_CONVERSION = YES;
				CLANG_WARN_OBJC_IMPLICIT_RETAIN_SELF = YES;
				CLANG_WARN_OBJC_LITERAL_CONVERSION = YES;
				CLANG_WARN_OBJC_ROOT_CLASS = YES_ERROR;
				CLANG_WARN_RANGE_LOOP_ANALYSIS = YES;
				CLANG_WARN_STRICT_PROTOTYPES = YES;
				CLANG_WARN_SUSPICIOUS_MOVE = YES;
				CLANG_WARN_UNGUARDED_AVAILABILITY = YES_AGGRESSIVE;
				CLANG_WARN_UNREACHABLE_CODE = YES;
				CLANG_WARN__DUPLICATE_METHOD_MATCH = YES;
				CODE_SIGN_IDENTITY = "iPhone Developer";
				COPY_PHASE_STRIP = NO;
				DEBUG_INFORMATION_FORMAT = dwarf;
				ENABLE_STRICT_OBJC_MSGSEND = YES;
				ENABLE_TESTABILITY = YES;
				GCC_C_LANGUAGE_STANDARD = gnu11;
				GCC_DYNAMIC_NO_PIC = NO;
				GCC_NO_COMMON_BLOCKS = YES;
				GCC_OPTIMIZATION_LEVEL = 0;
				GCC_PREPROCESSOR_DEFINITIONS = (
					"DEBUG=1",
					"$(inherited)",
				);
				GCC_WARN_64_TO_32_BIT_CONVERSION = YES;
				GCC_WARN_ABOUT_RETURN_TYPE = YES_ERROR;
				GCC_WARN_UNDECLARED_SELECTOR = YES;
				GCC_WARN_UNINITIALIZED_AUTOS = YES_AGGRESSIVE;
				GCC_WARN_UNUSED_FUNCTION = YES;
				GCC_WARN_UNUSED_VARIABLE = YES;
				IPHONEOS_DEPLOYMENT_TARGET = 12.2;
				MTL_ENABLE_DEBUG_INFO = INCLUDE_SOURCE;
				MTL_FAST_MATH = YES;
				ONLY_ACTIVE_ARCH = YES;
				SDKROOT = iphoneos;
				SWIFT_ACTIVE_COMPILATION_CONDITIONS = DEBUG;
				SWIFT_OPTIMIZATION_LEVEL = "-Onone";
			};
			name = Debug;
		};
		10E029D3234BC2460056EB10 /* Release */ = {
			isa = XCBuildConfiguration;
			buildSettings = {
				ALWAYS_SEARCH_USER_PATHS = NO;
				CLANG_ANALYZER_NONNULL = YES;
				CLANG_ANALYZER_NUMBER_OBJECT_CONVERSION = YES_AGGRESSIVE;
				CLANG_CXX_LANGUAGE_STANDARD = "gnu++14";
				CLANG_CXX_LIBRARY = "libc++";
				CLANG_ENABLE_MODULES = YES;
				CLANG_ENABLE_OBJC_ARC = YES;
				CLANG_ENABLE_OBJC_WEAK = YES;
				CLANG_WARN_BLOCK_CAPTURE_AUTORELEASING = YES;
				CLANG_WARN_BOOL_CONVERSION = YES;
				CLANG_WARN_COMMA = YES;
				CLANG_WARN_CONSTANT_CONVERSION = YES;
				CLANG_WARN_DEPRECATED_OBJC_IMPLEMENTATIONS = YES;
				CLANG_WARN_DIRECT_OBJC_ISA_USAGE = YES_ERROR;
				CLANG_WARN_DOCUMENTATION_COMMENTS = YES;
				CLANG_WARN_EMPTY_BODY = YES;
				CLANG_WARN_ENUM_CONVERSION = YES;
				CLANG_WARN_INFINITE_RECURSION = YES;
				CLANG_WARN_INT_CONVERSION = YES;
				CLANG_WARN_NON_LITERAL_NULL_CONVERSION = YES;
				CLANG_WARN_OBJC_IMPLICIT_RETAIN_SELF = YES;
				CLANG_WARN_OBJC_LITERAL_CONVERSION = YES;
				CLANG_WARN_OBJC_ROOT_CLASS = YES_ERROR;
				CLANG_WARN_RANGE_LOOP_ANALYSIS = YES;
				CLANG_WARN_STRICT_PROTOTYPES = YES;
				CLANG_WARN_SUSPICIOUS_MOVE = YES;
				CLANG_WARN_UNGUARDED_AVAILABILITY = YES_AGGRESSIVE;
				CLANG_WARN_UNREACHABLE_CODE = YES;
				CLANG_WARN__DUPLICATE_METHOD_MATCH = YES;
				CODE_SIGN_IDENTITY = "iPhone Developer";
				COPY_PHASE_STRIP = NO;
				DEBUG_INFORMATION_FORMAT = "dwarf-with-dsym";
				ENABLE_NS_ASSERTIONS = NO;
				ENABLE_STRICT_OBJC_MSGSEND = YES;
				GCC_C_LANGUAGE_STANDARD = gnu11;
				GCC_NO_COMMON_BLOCKS = YES;
				GCC_WARN_64_TO_32_BIT_CONVERSION = YES;
				GCC_WARN_ABOUT_RETURN_TYPE = YES_ERROR;
				GCC_WARN_UNDECLARED_SELECTOR = YES;
				GCC_WARN_UNINITIALIZED_AUTOS = YES_AGGRESSIVE;
				GCC_WARN_UNUSED_FUNCTION = YES;
				GCC_WARN_UNUSED_VARIABLE = YES;
				IPHONEOS_DEPLOYMENT_TARGET = 12.2;
				MTL_ENABLE_DEBUG_INFO = NO;
				MTL_FAST_MATH = YES;
				SDKROOT = iphoneos;
				SWIFT_COMPILATION_MODE = wholemodule;
				SWIFT_OPTIMIZATION_LEVEL = "-O";
				VALIDATE_PRODUCT = YES;
			};
			name = Release;
		};
		10E029D5234BC2460056EB10 /* Debug */ = {
			isa = XCBuildConfiguration;
			baseConfigurationReference = 969566D85D20068B7DCC66A1 /* Pods-Siri.debug.xcconfig */;
			buildSettings = {
				ASSETCATALOG_COMPILER_APPICON_NAME = AppIcon;
				CODE_SIGN_STYLE = Automatic;
				DEVELOPMENT_TEAM = "";
				HEADER_SEARCH_PATHS = (
					"$(inherited)",
					"\"${PODS_CONFIGURATION_BUILD_DIR}/Alamofire/Alamofire.framework/Headers\"",
					"\"${PODS_CONFIGURATION_BUILD_DIR}/ForecastIO/ForecastIO.framework/Headers\"/**",
					"\"${PODS_CONFIGURATION_BUILD_DIR}/ObjectMapper/ObjectMapper.framework/Headers\"",
					"\"${PODS_CONFIGURATION_BUILD_DIR}/RecastAI/RecastAI.framework/Headers\"",
				);
				INFOPLIST_FILE = Siri/Info.plist;
				IPHONEOS_DEPLOYMENT_TARGET = 12.2;
				LD_RUNPATH_SEARCH_PATHS = (
					"$(inherited)",
					"@executable_path/Frameworks",
				);
				PRODUCT_BUNDLE_IDENTIFIER = vfil.Siri;
				PRODUCT_NAME = "$(TARGET_NAME)";
				SWIFT_VERSION = 5.0;
				TARGETED_DEVICE_FAMILY = "1,2";
			};
			name = Debug;
		};
		10E029D6234BC2460056EB10 /* Release */ = {
			isa = XCBuildConfiguration;
			baseConfigurationReference = CFB26BECC262F7FA697C1FF4 /* Pods-Siri.release.xcconfig */;
			buildSettings = {
				ASSETCATALOG_COMPILER_APPICON_NAME = AppIcon;
				CODE_SIGN_STYLE = Automatic;
				DEVELOPMENT_TEAM = "";
				INFOPLIST_FILE = Siri/Info.plist;
				IPHONEOS_DEPLOYMENT_TARGET = 12.2;
				LD_RUNPATH_SEARCH_PATHS = (
					"$(inherited)",
					"@executable_path/Frameworks",
				);
				PRODUCT_BUNDLE_IDENTIFIER = vfil.Siri;
				PRODUCT_NAME = "$(TARGET_NAME)";
				SWIFT_VERSION = 5.0;
				TARGETED_DEVICE_FAMILY = "1,2";
			};
			name = Release;
		};
/* End XCBuildConfiguration section */

/* Begin XCConfigurationList section */
		10E029BD234BC23D0056EB10 /* Build configuration list for PBXProject "Siri" */ = {
			isa = XCConfigurationList;
			buildConfigurations = (
				10E029D2234BC2460056EB10 /* Debug */,
				10E029D3234BC2460056EB10 /* Release */,
			);
			defaultConfigurationIsVisible = 0;
			defaultConfigurationName = Release;
		};
		10E029D4234BC2460056EB10 /* Build configuration list for PBXNativeTarget "Siri" */ = {
			isa = XCConfigurationList;
			buildConfigurations = (
				10E029D5234BC2460056EB10 /* Debug */,
				10E029D6234BC2460056EB10 /* Release */,
			);
			defaultConfigurationIsVisible = 0;
			defaultConfigurationName = Release;
		};
/* End XCConfigurationList section */
	};
	rootObject = 10E029BA234BC23D0056EB10 /* Project object */;
}
